
Microsoft Visual Studio Solution File, Format Version 12.00
# Visual Studio 15
VisualStudioVersion = 15.0.28307.757
MinimumVisualStudioVersion = 10.0.40219.1
Project("{8BC9CEB8-8B4A-11D0-8D11-00A0C91BC942}") = "InitDirect3D", "Project\InitDirect3D\InitDirect3D.vcxproj", "{C2160749-616B-4A24-B5C8-5332C11A50CA}"
EndProject
Global
	GlobalSection(SolutionConfigurationPlatforms) = preSolution
		Debug|x64 = Debug|x64
		Debug|x86 = Debug|x86
		Release|x64 = Release|x64
		Release|x86 = Release|x86
	EndGlobalSection
	GlobalSection(ProjectConfigurationPlatforms) = postSolution
		{C2160749-616B-4A24-B5C8-5332C11A50CA}.Debug|x64.ActiveCfg = Debug|x64
		{C2160749-616B-4A24-B5C8-5332C11A50CA}.Debug|x64.Build.0 = Debug|x64
		{C2160749-616B-4A24-B5C8-5332C11A50CA}.Debug|x86.ActiveCfg = Debug|Win32
		{C2160749-616B-4A24-B5C8-5332C11A50CA}.Debug|x86.Build.0 = Debug|Win32
		{C2160749-616B-4A24-B5C8-5332C11A50CA}.Release|x64.ActiveCfg = Release|x64
		{C2160749-616B-4A24-B5C8-5332C11A50CA}.Release|x64.Build.0 = Release|x64
		{C2160749-616B-4A24-B5C8-5332C11A50CA}.Release|x86.ActiveCfg = Release|Win32
		{C2160749-616B-4A24-B5C8-5332C11A50CA}.Release|x86.Build.0 = Release|Win32
	EndGlobalSection
	GlobalSection(SolutionProperties) = preSolution
		HideSolutionNode = FALSE
	EndGlobalSection
	GlobalSection(ExtensibilityGlobals) = postSolution
		SolutionGuid = {BF963065-F620-468D-BEF2-55087D27DF22}
	EndGlobalSection
EndGlobal
